// !$*UTF8*$!
{
	archiveVersion = 1;
	classes = {
	};
	objectVersion = 46;
	objects = {

/* Begin PBXBuildFile section */
		8401C45B1AC28BEC009CC384 /* main.m in Sources */ = {isa = PBXBuildFile; fileRef = 8401C45A1AC28BEC009CC384 /* main.m */; };
		8401C45E1AC28BEC009CC384 /* AppDelegate.m in Sources */ = {isa = PBXBuildFile; fileRef = 8401C45D1AC28BEC009CC384 /* AppDelegate.m */; };
		8401C4611AC28BEC009CC384 /* ViewController.m in Sources */ = {isa = PBXBuildFile; fileRef = 8401C4601AC28BEC009CC384 /* ViewController.m */; };
		8401C4641AC28BEC009CC384 /* Main.storyboard in Resources */ = {isa = PBXBuildFile; fileRef = 8401C4621AC28BEC009CC384 /* Main.storyboard */; };
		8401C4661AC28BEC009CC384 /* Images.xcassets in Resources */ = {isa = PBXBuildFile; fileRef = 8401C4651AC28BEC009CC384 /* Images.xcassets */; };
		8401C4691AC28BEC009CC384 /* LaunchScreen.xib in Resources */ = {isa = PBXBuildFile; fileRef = 8401C4671AC28BEC009CC384 /* LaunchScreen.xib */; };
		8401C4751AC28BEC009CC384 /* JEAdViewTests.m in Sources */ = {isa = PBXBuildFile; fileRef = 8401C4741AC28BEC009CC384 /* JEAdViewTests.m */; };
		8401C4811AC28C1A009CC384 /* JEAdView.m in Sources */ = {isa = PBXBuildFile; fileRef = 8401C4801AC28C1A009CC384 /* JEAdView.m */; };
		8B6EE3B4155455D136F43A44 /* libPods.a in Frameworks */ = {isa = PBXBuildFile; fileRef = A073530D125DEE5A305670EB /* libPods.a */; };
/* End PBXBuildFile section */

/* Begin PBXContainerItemProxy section */
		8401C46F1AC28BEC009CC384 /* PBXContainerItemProxy */ = {
			isa = PBXContainerItemProxy;
			containerPortal = 8401C44D1AC28BEC009CC384 /* Project object */;
			proxyType = 1;
			remoteGlobalIDString = 8401C4541AC28BEC009CC384;
			remoteInfo = JEAdView;
		};
/* End PBXContainerItemProxy section */

/* Begin PBXFileReference section */
		6D8E86EDEAC677F8DBF2A5C8 /* Pods.debug.xcconfig */ = {isa = PBXFileReference; includeInIndex = 1; lastKnownFileType = text.xcconfig; name = Pods.debug.xcconfig; path = "Pods/Target Support Files/Pods/Pods.debug.xcconfig"; sourceTree = "<group>"; };
		8401C4551AC28BEC009CC384 /* JEAdView.app */ = {isa = PBXFileReference; explicitFileType = wrapper.application; includeInIndex = 0; path = JEAdView.app; sourceTree = BUILT_PRODUCTS_DIR; };
		8401C4591AC28BEC009CC384 /* Info.plist */ = {isa = PBXFileReference; lastKnownFileType = text.plist.xml; path = Info.plist; sourceTree = "<group>"; };
		8401C45A1AC28BEC009CC384 /* main.m */ = {isa = PBXFileReference; lastKnownFileType = sourcecode.c.objc; path = main.m; sourceTree = "<group>"; };
		8401C45C1AC28BEC009CC384 /* AppDelegate.h */ = {isa = PBXFileReference; lastKnownFileType = sourcecode.c.h; path = AppDelegate.h; sourceTree = "<group>"; };
		8401C45D1AC28BEC009CC384 /* AppDelegate.m */ = {isa = PBXFileReference; lastKnownFileType = sourcecode.c.objc; path = AppDelegate.m; sourceTree = "<group>"; };
		8401C45F1AC28BEC009CC384 /* ViewController.h */ = {isa = PBXFileReference; lastKnownFileType = sourcecode.c.h; path = ViewController.h; sourceTree = "<group>"; };
		8401C4601AC28BEC009CC384 /* ViewController.m */ = {isa = PBXFileReference; lastKnownFileType = sourcecode.c.objc; path = ViewController.m; sourceTree = "<group>"; };
		8401C4631AC28BEC009CC384 /* Base */ = {isa = PBXFileReference; lastKnownFileType = file.storyboard; name = Base; path = Base.lproj/Main.storyboard; sourceTree = "<group>"; };
		8401C4651AC28BEC009CC384 /* Images.xcassets */ = {isa = PBXFileReference; lastKnownFileType = folder.assetcatalog; path = Images.xcassets; sourceTree = "<group>"; };
		8401C4681AC28BEC009CC384 /* Base */ = {isa = PBXFileReference; lastKnownFileType = file.xib; name = Base; path = Base.lproj/LaunchScreen.xib; sourceTree = "<group>"; };
		8401C46E1AC28BEC009CC384 /* JEAdViewTests.xctest */ = {isa = PBXFileReference; explicitFileType = wrapper.cfbundle; includeInIndex = 0; path = JEAdViewTests.xctest; sourceTree = BUILT_PRODUCTS_DIR; };
		8401C4731AC28BEC009CC384 /* Info.plist */ = {isa = PBXFileReference; lastKnownFileType = text.plist.xml; path = Info.plist; sourceTree = "<group>"; };
		8401C4741AC28BEC009CC384 /* JEAdViewTests.m */ = {isa = PBXFileReference; lastKnownFileType = sourcecode.c.objc; path = JEAdViewTests.m; sourceTree = "<group>"; };
		8401C47F1AC28C1A009CC384 /* JEAdView.h */ = {isa = PBXFileReference; fileEncoding = 4; lastKnownFileType = sourcecode.c.h; path = JEAdView.h; sourceTree = "<group>"; };
		8401C4801AC28C1A009CC384 /* JEAdView.m */ = {isa = PBXFileReference; fileEncoding = 4; lastKnownFileType = sourcecode.c.objc; path = JEAdView.m; sourceTree = "<group>"; };
		A073530D125DEE5A305670EB /* libPods.a */ = {isa = PBXFileReference; explicitFileType = archive.ar; includeInIndex = 0; path = libPods.a; sourceTree = BUILT_PRODUCTS_DIR; };
		DC0B3DE68CE161BB952062AF /* Pods.release.xcconfig */ = {isa = PBXFileReference; includeInIndex = 1; lastKnownFileType = text.xcconfig; name = Pods.release.xcconfig; path = "Pods/Target Support Files/Pods/Pods.release.xcconfig"; sourceTree = "<group>"; };
/* End PBXFileReference section */

/* Begin PBXFrameworksBuildPhase section */
		8401C4521AC28BEC009CC384 /* Frameworks */ = {
			isa = PBXFrameworksBuildPhase;
			buildActionMask = 2147483647;
			files = (
				8B6EE3B4155455D136F43A44 /* libPods.a in Frameworks */,
			);
			runOnlyForDeploymentPostprocessing = 0;
		};
		8401C46B1AC28BEC009CC384 /* Frameworks */ = {
			isa = PBXFrameworksBuildPhase;
			buildActionMask = 2147483647;
			files = (
			);
			runOnlyForDeploymentPostprocessing = 0;
		};
/* End PBXFrameworksBuildPhase section */

/* Begin PBXGroup section */
		8401C44C1AC28BEC009CC384 = {
			isa = PBXGroup;
			children = (
				8401C4571AC28BEC009CC384 /* JEAdView */,
				8401C4711AC28BEC009CC384 /* JEAdViewTests */,
				8401C4561AC28BEC009CC384 /* Products */,
				96200A00342DF0C07DAA0461 /* Pods */,
				956F3B6EC05612D5DAB7FF94 /* Frameworks */,
			);
			sourceTree = "<group>";
		};
		8401C4561AC28BEC009CC384 /* Products */ = {
			isa = PBXGroup;
			children = (
				8401C4551AC28BEC009CC384 /* JEAdView.app */,
				8401C46E1AC28BEC009CC384 /* JEAdViewTests.xctest */,
			);
			name = Products;
			sourceTree = "<group>";
		};
		8401C4571AC28BEC009CC384 /* JEAdView */ = {
			isa = PBXGroup;
			children = (
				8401C47E1AC28C15009CC384 /* JEAdView */,
				8401C45C1AC28BEC009CC384 /* AppDelegate.h */,
				8401C45D1AC28BEC009CC384 /* AppDelegate.m */,
				8401C45F1AC28BEC009CC384 /* ViewController.h */,
				8401C4601AC28BEC009CC384 /* ViewController.m */,
				8401C4621AC28BEC009CC384 /* Main.storyboard */,
				8401C4651AC28BEC009CC384 /* Images.xcassets */,
				8401C4671AC28BEC009CC384 /* LaunchScreen.xib */,
				8401C4581AC28BEC009CC384 /* Supporting Files */,
			);
			path = JEAdView;
			sourceTree = "<group>";
		};
		8401C4581AC28BEC009CC384 /* Supporting Files */ = {
			isa = PBXGroup;
			children = (
				8401C4591AC28BEC009CC384 /* Info.plist */,
				8401C45A1AC28BEC009CC384 /* main.m */,
			);
			name = "Supporting Files";
			sourceTree = "<group>";
		};
		8401C4711AC28BEC009CC384 /* JEAdViewTests */ = {
			isa = PBXGroup;
			children = (
				8401C4741AC28BEC009CC384 /* JEAdViewTests.m */,
				8401C4721AC28BEC009CC384 /* Supporting Files */,
			);
			path = JEAdViewTests;
			sourceTree = "<group>";
		};
		8401C4721AC28BEC009CC384 /* Supporting Files */ = {
			isa = PBXGroup;
			children = (
				8401C4731AC28BEC009CC384 /* Info.plist */,
			);
			name = "Supporting Files";
			sourceTree = "<group>";
		};
		8401C47E1AC28C15009CC384 /* JEAdView */ = {
			isa = PBXGroup;
			children = (
				8401C47F1AC28C1A009CC384 /* JEAdView.h */,
				8401C4801AC28C1A009CC384 /* JEAdView.m */,
			);
			path = JEAdView;
			sourceTree = "<group>";
		};
		956F3B6EC05612D5DAB7FF94 /* Frameworks */ = {
			isa = PBXGroup;
			children = (
				A073530D125DEE5A305670EB /* libPods.a */,
			);
			name = Frameworks;
			sourceTree = "<group>";
		};
		96200A00342DF0C07DAA0461 /* Pods */ = {
			isa = PBXGroup;
			children = (
				6D8E86EDEAC677F8DBF2A5C8 /* Pods.debug.xcconfig */,
				DC0B3DE68CE161BB952062AF /* Pods.release.xcconfig */,
			);
			name = Pods;
			sourceTree = "<group>";
		};
/* End PBXGroup section */

/* Begin PBXNativeTarget section */
		8401C4541AC28BEC009CC384 /* JEAdView */ = {
			isa = PBXNativeTarget;
			buildConfigurationList = 8401C4781AC28BEC009CC384 /* Build configuration list for PBXNativeTarget "JEAdView" */;
			buildPhases = (
				D732647695C82D0064133B74 /* Check Pods Manifest.lock */,
				8401C4511AC28BEC009CC384 /* Sources */,
				8401C4521AC28BEC009CC384 /* Frameworks */,
				8401C4531AC28BEC009CC384 /* Resources */,
				D09A5F705BE3BE3F01258063 /* Copy Pods Resources */,
			);
			buildRules = (
			);
			dependencies = (
			);
			name = JEAdView;
			productName = JEAdView;
			productReference = 8401C4551AC28BEC009CC384 /* JEAdView.app */;
			productType = "com.apple.product-type.application";
		};
		8401C46D1AC28BEC009CC384 /* JEAdViewTests */ = {
			isa = PBXNativeTarget;
			buildConfigurationList = 8401C47B1AC28BEC009CC384 /* Build configuration list for PBXNativeTarget "JEAdViewTests" */;
			buildPhases = (
				8401C46A1AC28BEC009CC384 /* Sources */,
				8401C46B1AC28BEC009CC384 /* Frameworks */,
				8401C46C1AC28BEC009CC384 /* Resources */,
			);
			buildRules = (
			);
			dependencies = (
				8401C4701AC28BEC009CC384 /* PBXTargetDependency */,
			);
			name = JEAdViewTests;
			productName = JEAdViewTests;
			productReference = 8401C46E1AC28BEC009CC384 /* JEAdViewTests.xctest */;
			productType = "com.apple.product-type.bundle.unit-test";
		};
/* End PBXNativeTarget section */

/* Begin PBXProject section */
		8401C44D1AC28BEC009CC384 /* Project object */ = {
			isa = PBXProject;
			attributes = {
				LastUpgradeCheck = 0620;
				ORGANIZATIONNAME = "&#19978;&#28023;&#32654;&#38382;&#20449;&#24687;&#25216;&#26415;&#26377;&#38480;&#20844;&#21496;";
				TargetAttributes = {
					8401C4541AC28BEC009CC384 = {
						CreatedOnToolsVersion = 6.2;
					};
					8401C46D1AC28BEC009CC384 = {
						CreatedOnToolsVersion = 6.2;
						TestTargetID = 8401C4541AC28BEC009CC384;
					};
				};
			};
			buildConfigurationList = 8401C4501AC28BEC009CC384 /* Build configuration list for PBXProject "JEAdView" */;
			compatibilityVersion = "Xcode 3.2";
			developmentRegion = English;
			hasScannedForEncodings = 0;
			knownRegions = (
				en,
				Base,
			);
			mainGroup = 8401C44C1AC28BEC009CC384;
			productRefGroup = 8401C4561AC28BEC009CC384 /* Products */;
			projectDirPath = "";
			projectRoot = "";
			targets = (
				8401C4541AC28BEC009CC384 /* JEAdView */,
				8401C46D1AC28BEC009CC384 /* JEAdViewTests */,
			);
		};
/* End PBXProject section */

/* Begin PBXResourcesBuildPhase section */
		8401C4531AC28BEC009CC384 /* Resources */ = {
			isa = PBXResourcesBuildPhase;
			buildActionMask = 2147483647;
			files = (
				8401C4641AC28BEC009CC384 /* Main.storyboard in Resources */,
				8401C4691AC28BEC009CC384 /* LaunchScreen.xib in Resources */,
				8401C4661AC28BEC009CC384 /* Images.xcassets in Resources */,
			);
			runOnlyForDeploymentPostprocessing = 0;
		};
		8401C46C1AC28BEC009CC384 /* Resources */ = {
			isa = PBXResourcesBuildPhase;
			buildActionMask = 2147483647;
			files = (
			);
			runOnlyForDeploymentPostprocessing = 0;
		};
/* End PBXResourcesBuildPhase section */

/* Begin PBXShellScriptBuildPhase section */
		D09A5F705BE3BE3F01258063 /* Copy Pods Resources */ = {
			isa = PBXShellScriptBuildPhase;
			buildActionMask = 2147483647;
			files = (
			);
			inputPaths = (
			);
			name = "Copy Pods Resources";
			outputPaths = (
			);
			runOnlyForDeploymentPostprocessing = 0;
			shellPath = /bin/sh;
			shellScript = "\"${SRCROOT}/Pods/Target Support Files/Pods/Pods-resources.sh\"\n";
			showEnvVarsInLog = 0;
		};
		D732647695C82D0064133B74 /* Check Pods Manifest.lock */ = {
			isa = PBXShellScriptBuildPhase;
			buildActionMask = 2147483647;
			files = (
			);
			inputPaths = (
			);
			name = "Check Pods Manifest.lock";
			outputPaths = (
			);
			runOnlyForDeploymentPostprocessing = 0;
			shellPath = /bin/sh;
			shellScript = "diff \"${PODS_ROOT}/../Podfile.lock\" \"${PODS_ROOT}/Manifest.lock\" > /dev/null\nif [[ $? != 0 ]] ; then\n    cat << EOM\nerror: The sandbox is not in sync with the Podfile.lock. Run 'pod install' or update your CocoaPods installation.\nEOM\n    exit 1\nfi\n";
			showEnvVarsInLog = 0;
		};
/* End PBXShellScriptBuildPhase section */

/* Begin PBXSourcesBuildPhase section */
		8401C4511AC28BEC009CC384 /* Sources */ = {
			isa = PBXSourcesBuildPhase;
			buildActionMask = 2147483647;
			files = (
				8401C4811AC28C1A009CC384 /* JEAdView.m in Sources */,
				8401C4611AC28BEC009CC384 /* ViewController.m in Sources */,
				8401C45E1AC28BEC009CC384 /* AppDelegate.m in Sources */,
				8401C45B1AC28BEC009CC384 /* main.m in Sources */,
			);
			runOnlyForDeploymentPostprocessing = 0;
		};
		8401C46A1AC28BEC009CC384 /* Sources */ = {
			isa = PBXSourcesBuildPhase;
			buildActionMask = 2147483647;
			files = (
				8401C4751AC28BEC009CC384 /* JEAdViewTests.m in Sources */,
			);
			runOnlyForDeploymentPostprocessing = 0;
		};
/* End PBXSourcesBuildPhase section */

/* Begin PBXTargetDependency section */
		8401C4701AC28BEC009CC384 /* PBXTargetDependency */ = {
			isa = PBXTargetDependency;
			target = 8401C4541AC28BEC009CC384 /* JEAdView */;
			targetProxy = 8401C46F1AC28BEC009CC384 /* PBXContainerItemProxy */;
		};
/* End PBXTargetDependency section */

/* Begin PBXVariantGroup section */
		8401C4621AC28BEC009CC384 /* Main.storyboard */ = {
			isa = PBXVariantGroup;
			children = (
				8401C4631AC28BEC009CC384 /* Base */,
			);
			name = Main.storyboard;
			sourceTree = "<group>";
		};
		8401C4671AC28BEC009CC384 /* LaunchScreen.xib */ = {
			isa = PBXVariantGroup;
			children = (
				8401C4681AC28BEC009CC384 /* Base */,
			);
			name = LaunchScreen.xib;
			sourceTree = "<group>";
		};
/* End PBXVariantGroup section */

/* Begin XCBuildConfiguration section */
		8401C4761AC28BEC009CC384 /* Debug */ = {
			isa = XCBuildConfiguration;
			buildSettings = {
				ALWAYS_SEARCH_USER_PATHS = NO;
				CLANG_CXX_LANGUAGE_STANDARD = "gnu++0x";
				CLANG_CXX_LIBRARY = "libc++";
				CLANG_ENABLE_MODULES = YES;
				CLANG_ENABLE_OBJC_ARC = YES;
				CLANG_WARN_BOOL_CONVERSION = YES;
				CLANG_WARN_CONSTANT_CONVERSION = YES;
				CLANG_WARN_DIRECT_OBJC_ISA_USAGE = YES_ERROR;
				CLANG_WARN_EMPTY_BODY = YES;
				CLANG_WARN_ENUM_CONVERSION = YES;
				CLANG_WARN_INT_CONVERSION = YES;
				CLANG_WARN_OBJC_ROOT_CLASS = YES_ERROR;
				CLANG_WARN_UNREACHABLE_CODE = YES;
				CLANG_WARN__DUPLICATE_METHOD_MATCH = YES;
				"CODE_SIGN_IDENTITY[sdk=iphoneos*]" = "iPhone Developer";
				COPY_PHASE_STRIP = NO;
				ENABLE_STRICT_OBJC_MSGSEND = YES;
				GCC_C_LANGUAGE_STANDARD = gnu99;
				GCC_DYNAMIC_NO_PIC = NO;
				GCC_OPTIMIZATION_LEVEL = 0;
				GCC_PREPROCESSOR_DEFINITIONS = (
					"DEBUG=1",
					"$(inherited)",
				);
				GCC_SYMBOLS_PRIVATE_EXTERN = NO;
				GCC_WARN_64_TO_32_BIT_CONVERSION = YES;
				GCC_WARN_ABOUT_RETURN_TYPE = YES_ERROR;
				GCC_WARN_UNDECLARED_SELECTOR = YES;
				GCC_WARN_UNINITIALIZED_AUTOS = YES_AGGRESSIVE;
				GCC_WARN_UNUSED_FUNCTION = YES;
				GCC_WARN_UNUSED_VARIABLE = YES;
				IPHONEOS_DEPLOYMENT_TARGET = 8.2;
				MTL_ENABLE_DEBUG_INFO = YES;
				ONLY_ACTIVE_ARCH = YES;
				SDKROOT = iphoneos;
			};
			name = Debug;
		};
		8401C4771AC28BEC009CC384 /* Release */ = {
			isa = XCBuildConfiguration;
			buildSettings = {
				ALWAYS_SEARCH_USER_PATHS = NO;
				CLANG_CXX_LANGUAGE_STANDARD = "gnu++0x";
				CLANG_CXX_LIBRARY = "libc++";
				CLANG_ENABLE_MODULES = YES;
				CLANG_ENABLE_OBJC_ARC = YES;
				CLANG_WARN_BOOL_CONVERSION = YES;
				CLANG_WARN_CONSTANT_CONVERSION = YES;
				CLANG_WARN_DIRECT_OBJC_ISA_USAGE = YES_ERROR;
				CLANG_WARN_EMPTY_BODY = YES;
				CLANG_WARN_ENUM_CONVERSION = YES;
				CLANG_WARN_INT_CONVERSION = YES;
				CLANG_WARN_OBJC_ROOT_CLASS = YES_ERROR;
				CLANG_WARN_UNREACHABLE_CODE = YES;
				CLANG_WARN__DUPLICATE_METHOD_MATCH = YES;
				"CODE_SIGN_IDENTITY[sdk=iphoneos*]" = "iPhone Developer";
				COPY_PHASE_STRIP = NO;
				ENABLE_NS_ASSERTIONS = NO;
				ENABLE_STRICT_OBJC_MSGSEND = YES;
				GCC_C_LANGUAGE_STANDARD = gnu99;
				GCC_WARN_64_TO_32_BIT_CONVERSION = YES;
				GCC_WARN_ABOUT_RETURN_TYPE = YES_ERROR;
				GCC_WARN_UNDECLARED_SELECTOR = YES;
				GCC_WARN_UNINITIALIZED_AUTOS = YES_AGGRESSIVE;
				GCC_WARN_UNUSED_FUNCTION = YES;
				GCC_WARN_UNUSED_VARIABLE = YES;
				IPHONEOS_DEPLOYMENT_TARGET = 8.2;
				MTL_ENABLE_DEBUG_INFO = NO;
				SDKROOT = iphoneos;
				VALIDATE_PRODUCT = YES;
			};
			name = Release;
		};
		8401C4791AC28BEC009CC384 /* Debug */ = {
			isa = XCBuildConfiguration;
			baseConfigurationReference = 6D8E86EDEAC677F8DBF2A5C8 /* Pods.debug.xcconfig */;
			buildSettings = {
				ASSETCATALOG_COMPILER_APPICON_NAME = AppIcon;
				INFOPLIST_FILE = JEAdView/Info.plist;
				LD_RUNPATH_SEARCH_PATHS = "$(inherited) @executable_path/Frameworks";
				PRODUCT_NAME = "$(TARGET_NAME)";
			};
			name = Debug;
		};
		8401C47A1AC28BEC009CC384 /* Release */ = {
			isa = XCBuildConfiguration;
			baseConfigurationReference = DC0B3DE68CE161BB952062AF /* Pods.release.xcconfig */;
			buildSettings = {
				ASSETCATALOG_COMPILER_APPICON_NAME = AppIcon;
				INFOPLIST_FILE = JEAdView/Info.plist;
				LD_RUNPATH_SEARCH_PATHS = "$(inherited) @executable_path/Frameworks";
				PRODUCT_NAME = "$(TARGET_NAME)";
			};
			name = Release;
		};
		8401C47C1AC28BEC009CC384 /* Debug */ = {
			isa = XCBuildConfiguration;
			buildSettings = {
				BUNDLE_LOADER = "$(TEST_HOST)";
				FRAMEWORK_SEARCH_PATHS = (
					"$(SDKROOT)/Developer/Library/Frameworks",
					"$(inherited)",
				);
				GCC_PREPROCESSOR_DEFINITIONS = (
					"DEBUG=1",
					"$(inherited)",
				);
				INFOPLIST_FILE = JEAdViewTests/Info.plist;
				LD_RUNPATH_SEARCH_PATHS = "$(inherited) @executable_path/Frameworks @loader_path/Frameworks";
				PRODUCT_NAME = "$(TARGET_NAME)";
				TEST_HOST = "$(BUILT_PRODUCTS_DIR)/JEAdView.app/JEAdView";
			};
			name = Debug;
		};
		8401C47D1AC28BEC009CC384 /* Release */ = {
			isa = XCBuildConfiguration;
			buildSettings = {
				BUNDLE_LOADER = "$(TEST_HOST)";
				FRAMEWORK_SEARCH_PATHS = (
					"$(SDKROOT)/Developer/Library/Frameworks",
					"$(inherited)",
				);
				INFOPLIST_FILE = JEAdViewTests/Info.plist;
				LD_RUNPATH_SEARCH_PATHS = "$(inherited) @executable_path/Frameworks @loader_path/Frameworks";
				PRODUCT_NAME = "$(TARGET_NAME)";
				TEST_HOST = "$(BUILT_PRODUCTS_DIR)/JEAdView.app/JEAdView";
			};
			name = Release;
		};
/* End XCBuildConfiguration section */

/* Begin XCConfigurationList section */
		8401C4501AC28BEC009CC384 /* Build configuration list for PBXProject "JEAdView" */ = {
			isa = XCConfigurationList;
			buildConfigurations = (
				8401C4761AC28BEC009CC384 /* Debug */,
				8401C4771AC28BEC009CC384 /* Release */,
			);
			defaultConfigurationIsVisible = 0;
			defaultConfigurationName = Release;
		};
		8401C4781AC28BEC009CC384 /* Build configuration list for PBXNativeTarget "JEAdView" */ = {
			isa = XCConfigurationList;
			buildConfigurations = (
				8401C4791AC28BEC009CC384 /* Debug */,
				8401C47A1AC28BEC009CC384 /* Release */,
			);
			defaultConfigurationIsVisible = 0;
			defaultConfigurationName = Release;
		};
		8401C47B1AC28BEC009CC384 /* Build configuration list for PBXNativeTarget "JEAdViewTests" */ = {
			isa = XCConfigurationList;
			buildConfigurations = (
				8401C47C1AC28BEC009CC384 /* Debug */,
				8401C47D1AC28BEC009CC384 /* Release */,
			);
			defaultConfigurationIsVisible = 0;
			defaultConfigurationName = Release;
		};
/* End XCConfigurationList section */
	};
	rootObject = 8401C44D1AC28BEC009CC384 /* Project object */;
}
